PODS:
  - NMapsMap (3.14.0)
  - RangeSeekSlider (1.8.0)
  - SearchTextField (1.2.4)

DEPENDENCIES:
  - NMapsMap
  - RangeSeekSlider
  - SearchTextField

SPEC REPOS:
  trunk:
    - NMapsMap
    - RangeSeekSlider
    - SearchTextField

SPEC CHECKSUMS:
  NMapsMap: 61c2abfc409bbcdc91583ccc455a5b6f64c7414e
  RangeSeekSlider: 650b11fa1edcb92e1e0ede797669d98622570fb5
  SearchTextField: 40dc3cc57def5a211f263cac263622c163bbc25a

PODFILE CHECKSUM: ab39ba149936f6a80d47a5c1106dde0a72c46ed6

COCOAPODS: 1.11.3
